// !$*UTF8*$!
{
	archiveVersion = 1;
	classes = {
	};
	objectVersion = 55;
	objects = {

/* Begin PBXBuildFile section */
		9972B9A72884BA270056FB2B /* AppDelegate.swift in Sources */ = {isa = PBXBuildFile; fileRef = 9972B9A62884BA270056FB2B /* AppDelegate.swift */; };
		9972B9A92884BA270056FB2B /* SceneDelegate.swift in Sources */ = {isa = PBXBuildFile; fileRef = 9972B9A82884BA270056FB2B /* SceneDelegate.swift */; };
		9972B9AB2884BA270056FB2B /* ViewController.swift in Sources */ = {isa = PBXBuildFile; fileRef = 9972B9AA2884BA270056FB2B /* ViewController.swift */; };
		9972B9AE2884BA270056FB2B /* Main.storyboard in Resources */ = {isa = PBXBuildFile; fileRef = 9972B9AC2884BA270056FB2B /* Main.storyboard */; };
		9972B9B02884BA270056FB2B /* Assets.xcassets in Resources */ = {isa = PBXBuildFile; fileRef = 9972B9AF2884BA270056FB2B /* Assets.xcassets */; };
		9972B9B32884BA270056FB2B /* LaunchScreen.storyboard in Resources */ = {isa = PBXBuildFile; fileRef = 9972B9B12884BA270056FB2B /* LaunchScreen.storyboard */; };
		9972B9BB2884BA3F0056FB2B /* start.txt in Resources */ = {isa = PBXBuildFile; fileRef = 9972B9BA2884BA3F0056FB2B /* start.txt */; };
		9972B9C42884BA470056FB2B /* 1_Head-removebg-preview.png in Resources */ = {isa = PBXBuildFile; fileRef = 9972B9BD2884BA470056FB2B /* 1_Head-removebg-preview.png */; };
		9972B9C52884BA470056FB2B /* 6_LeftLeg-removebg-preview.png in Resources */ = {isa = PBXBuildFile; fileRef = 9972B9BE2884BA470056FB2B /* 6_LeftLeg-removebg-preview.png */; };
		9972B9C62884BA470056FB2B /* 0_Table-removebg-preview.png in Resources */ = {isa = PBXBuildFile; fileRef = 9972B9BF2884BA470056FB2B /* 0_Table-removebg-preview.png */; };
		9972B9C72884BA470056FB2B /* 2_Body-removebg-preview.png in Resources */ = {isa = PBXBuildFile; fileRef = 9972B9C02884BA470056FB2B /* 2_Body-removebg-preview.png */; };
		9972B9C82884BA470056FB2B /* 5_RightLeg-removebg-preview.png in Resources */ = {isa = PBXBuildFile; fileRef = 9972B9C12884BA470056FB2B /* 5_RightLeg-removebg-preview.png */; };
		9972B9C92884BA470056FB2B /* 3_RightArm-removebg-preview.png in Resources */ = {isa = PBXBuildFile; fileRef = 9972B9C22884BA470056FB2B /* 3_RightArm-removebg-preview.png */; };
		9972B9CA2884BA470056FB2B /* 4_LeftArm-removebg-preview.png in Resources */ = {isa = PBXBuildFile; fileRef = 9972B9C32884BA470056FB2B /* 4_LeftArm-removebg-preview.png */; };
/* End PBXBuildFile section */

/* Begin PBXFileReference section */
		9972B9A32884BA270056FB2B /* Hangman.app */ = {isa = PBXFileReference; explicitFileType = wrapper.application; includeInIndex = 0; path = Hangman.app; sourceTree = BUILT_PRODUCTS_DIR; };
		9972B9A62884BA270056FB2B /* AppDelegate.swift */ = {isa = PBXFileReference; lastKnownFileType = sourcecode.swift; path = AppDelegate.swift; sourceTree = "<group>"; };
		9972B9A82884BA270056FB2B /* SceneDelegate.swift */ = {isa = PBXFileReference; lastKnownFileType = sourcecode.swift; path = SceneDelegate.swift; sourceTree = "<group>"; };
		9972B9AA2884BA270056FB2B /* ViewController.swift */ = {isa = PBXFileReference; lastKnownFileType = sourcecode.swift; path = ViewController.swift; sourceTree = "<group>"; };
		9972B9AD2884BA270056FB2B /* Base */ = {isa = PBXFileReference; lastKnownFileType = file.storyboard; name = Base; path = Base.lproj/Main.storyboard; sourceTree = "<group>"; };
		9972B9AF2884BA270056FB2B /* Assets.xcassets */ = {isa = PBXFileReference; lastKnownFileType = folder.assetcatalog; path = Assets.xcassets; sourceTree = "<group>"; };
		9972B9B22884BA270056FB2B /* Base */ = {isa = PBXFileReference; lastKnownFileType = file.storyboard; name = Base; path = Base.lproj/LaunchScreen.storyboard; sourceTree = "<group>"; };
		9972B9B42884BA270056FB2B /* Info.plist */ = {isa = PBXFileReference; lastKnownFileType = text.plist.xml; path = Info.plist; sourceTree = "<group>"; };
		9972B9BA2884BA3F0056FB2B /* start.txt */ = {isa = PBXFileReference; fileEncoding = 4; lastKnownFileType = text; name = start.txt; path = "../../Milestone_3_P7-9/start.txt"; sourceTree = "<group>"; };
		9972B9BD2884BA470056FB2B /* 1_Head-removebg-preview.png */ = {isa = PBXFileReference; lastKnownFileType = image.png; path = "1_Head-removebg-preview.png"; sourceTree = "<group>"; };
		9972B9BE2884BA470056FB2B /* 6_LeftLeg-removebg-preview.png */ = {isa = PBXFileReference; lastKnownFileType = image.png; path = "6_LeftLeg-removebg-preview.png"; sourceTree = "<group>"; };
		9972B9BF2884BA470056FB2B /* 0_Table-removebg-preview.png */ = {isa = PBXFileReference; lastKnownFileType = image.png; path = "0_Table-removebg-preview.png"; sourceTree = "<group>"; };
		9972B9C02884BA470056FB2B /* 2_Body-removebg-preview.png */ = {isa = PBXFileReference; lastKnownFileType = image.png; path = "2_Body-removebg-preview.png"; sourceTree = "<group>"; };
		9972B9C12884BA470056FB2B /* 5_RightLeg-removebg-preview.png */ = {isa = PBXFileReference; lastKnownFileType = image.png; path = "5_RightLeg-removebg-preview.png"; sourceTree = "<group>"; };
		9972B9C22884BA470056FB2B /* 3_RightArm-removebg-preview.png */ = {isa = PBXFileReference; lastKnownFileType = image.png; path = "3_RightArm-removebg-preview.png"; sourceTree = "<group>"; };
		9972B9C32884BA470056FB2B /* 4_LeftArm-removebg-preview.png */ = {isa = PBXFileReference; lastKnownFileType = image.png; path = "4_LeftArm-removebg-preview.png"; sourceTree = "<group>"; };
/* End PBXFileReference section */

/* Begin PBXFrameworksBuildPhase section */
		9972B9A02884BA270056FB2B /* Frameworks */ = {
			isa = PBXFrameworksBuildPhase;
			buildActionMask = 2147483647;
			files = (
			);
			runOnlyForDeploymentPostprocessing = 0;
		};
/* End PBXFrameworksBuildPhase section */

/* Begin PBXGroup section */
		9972B99A2884BA270056FB2B = {
			isa = PBXGroup;
			children = (
				9972B9A52884BA270056FB2B /* Hangman */,
				9972B9A42884BA270056FB2B /* Products */,
			);
			sourceTree = "<group>";
		};
		9972B9A42884BA270056FB2B /* Products */ = {
			isa = PBXGroup;
			children = (
				9972B9A32884BA270056FB2B /* Hangman.app */,
			);
			name = Products;
			sourceTree = "<group>";
		};
		9972B9A52884BA270056FB2B /* Hangman */ = {
			isa = PBXGroup;
			children = (
				9972B9A62884BA270056FB2B /* AppDelegate.swift */,
				9972B9A82884BA270056FB2B /* SceneDelegate.swift */,
				9972B9AA2884BA270056FB2B /* ViewController.swift */,
				9972B9AC2884BA270056FB2B /* Main.storyboard */,
				9972B9AF2884BA270056FB2B /* Assets.xcassets */,
				9972B9B12884BA270056FB2B /* LaunchScreen.storyboard */,
				9972B9B42884BA270056FB2B /* Info.plist */,
				9972B9BC2884BA470056FB2B /* Pictures_withoutBg */,
				9972B9BA2884BA3F0056FB2B /* start.txt */,
			);
			path = Hangman;
			sourceTree = "<group>";
		};
		9972B9BC2884BA470056FB2B /* Pictures_withoutBg */ = {
			isa = PBXGroup;
			children = (
				9972B9BD2884BA470056FB2B /* 1_Head-removebg-preview.png */,
				9972B9BE2884BA470056FB2B /* 6_LeftLeg-removebg-preview.png */,
				9972B9BF2884BA470056FB2B /* 0_Table-removebg-preview.png */,
				9972B9C02884BA470056FB2B /* 2_Body-removebg-preview.png */,
				9972B9C12884BA470056FB2B /* 5_RightLeg-removebg-preview.png */,
				9972B9C22884BA470056FB2B /* 3_RightArm-removebg-preview.png */,
				9972B9C32884BA470056FB2B /* 4_LeftArm-removebg-preview.png */,
			);
			name = Pictures_withoutBg;
			path = "../../Milestone_3_P7-9/Pictures_withoutBg";
			sourceTree = "<group>";
		};
/* End PBXGroup section */

/* Begin PBXNativeTarget section */
		9972B9A22884BA270056FB2B /* Hangman */ = {
			isa = PBXNativeTarget;
			buildConfigurationList = 9972B9B72884BA270056FB2B /* Build configuration list for PBXNativeTarget "Hangman" */;
			buildPhases = (
				9972B99F2884BA270056FB2B /* Sources */,
				9972B9A02884BA270056FB2B /* Frameworks */,
				9972B9A12884BA270056FB2B /* Resources */,
			);
			buildRules = (
			);
			dependencies = (
			);
			name = Hangman;
			productName = Hangman;
			productReference = 9972B9A32884BA270056FB2B /* Hangman.app */;
			productType = "com.apple.product-type.application";
		};
/* End PBXNativeTarget section */

/* Begin PBXProject section */
		9972B99B2884BA270056FB2B /* Project object */ = {
			isa = PBXProject;
			attributes = {
				BuildIndependentTargetsInParallel = 1;
				LastSwiftUpdateCheck = 1340;
				LastUpgradeCheck = 1340;
				TargetAttributes = {
					9972B9A22884BA270056FB2B = {
						CreatedOnToolsVersion = 13.4.1;
					};
				};
			};
			buildConfigurationList = 9972B99E2884BA270056FB2B /* Build configuration list for PBXProject "Hangman" */;
			compatibilityVersion = "Xcode 13.0";
			developmentRegion = en;
			hasScannedForEncodings = 0;
			knownRegions = (
				en,
				Base,
			);
			mainGroup = 9972B99A2884BA270056FB2B;
			productRefGroup = 9972B9A42884BA270056FB2B /* Products */;
			projectDirPath = "";
			projectRoot = "";
			targets = (
				9972B9A22884BA270056FB2B /* Hangman */,
			);
		};
/* End PBXProject section */

/* Begin PBXResourcesBuildPhase section */
		9972B9A12884BA270056FB2B /* Resources */ = {
			isa = PBXResourcesBuildPhase;
			buildActionMask = 2147483647;
			files = (
				9972B9CA2884BA470056FB2B /* 4_LeftArm-removebg-preview.png in Resources */,
				9972B9C72884BA470056FB2B /* 2_Body-removebg-preview.png in Resources */,
				9972B9C82884BA470056FB2B /* 5_RightLeg-removebg-preview.png in Resources */,
				9972B9B32884BA270056FB2B /* LaunchScreen.storyboard in Resources */,
				9972B9C42884BA470056FB2B /* 1_Head-removebg-preview.png in Resources */,
				9972B9C62884BA470056FB2B /* 0_Table-removebg-preview.png in Resources */,
				9972B9C52884BA470056FB2B /* 6_LeftLeg-removebg-preview.png in Resources */,
				9972B9BB2884BA3F0056FB2B /* start.txt in Resources */,
				9972B9C92884BA470056FB2B /* 3_RightArm-removebg-preview.png in Resources */,
				9972B9B02884BA270056FB2B /* Assets.xcassets in Resources */,
				9972B9AE2884BA270056FB2B /* Main.storyboard in Resources */,
			);
			runOnlyForDeploymentPostprocessing = 0;
		};
/* End PBXResourcesBuildPhase section */

/* Begin PBXSourcesBuildPhase section */
		9972B99F2884BA270056FB2B /* Sources */ = {
			isa = PBXSourcesBuildPhase;
			buildActionMask = 2147483647;
			files = (
				9972B9AB2884BA270056FB2B /* ViewController.swift in Sources */,
				9972B9A72884BA270056FB2B /* AppDelegate.swift in Sources */,
				9972B9A92884BA270056FB2B /* SceneDelegate.swift in Sources */,
			);
			runOnlyForDeploymentPostprocessing = 0;
		};
/* End PBXSourcesBuildPhase section */

/* Begin PBXVariantGroup section */
		9972B9AC2884BA270056FB2B /* Main.storyboard */ = {
			isa = PBXVariantGroup;
			children = (
				9972B9AD2884BA270056FB2B /* Base */,
			);
			name = Main.storyboard;
			sourceTree = "<group>";
		};
		9972B9B12884BA270056FB2B /* LaunchScreen.storyboard */ = {
			isa = PBXVariantGroup;
			children = (
				9972B9B22884BA270056FB2B /* Base */,
			);
			name = LaunchScreen.storyboard;
			sourceTree = "<group>";
		};
/* End PBXVariantGroup section */

/* Begin XCBuildConfiguration section */
		9972B9B52884BA270056FB2B /* Debug */ = {
			isa = XCBuildConfiguration;
			buildSettings = {
				ALWAYS_SEARCH_USER_PATHS = NO;
				CLANG_ANALYZER_NONNULL = YES;
				CLANG_ANALYZER_NUMBER_OBJECT_CONVERSION = YES_AGGRESSIVE;
				CLANG_CXX_LANGUAGE_STANDARD = "gnu++17";
				CLANG_ENABLE_MODULES = YES;
				CLANG_ENABLE_OBJC_ARC = YES;
				CLANG_ENABLE_OBJC_WEAK = YES;
				CLANG_WARN_BLOCK_CAPTURE_AUTORELEASING = YES;
				CLANG_WARN_BOOL_CONVERSION = YES;
				CLANG_WARN_COMMA = YES;
				CLANG_WARN_CONSTANT_CONVERSION = YES;
				CLANG_WARN_DEPRECATED_OBJC_IMPLEMENTATIONS = YES;
				CLANG_WARN_DIRECT_OBJC_ISA_USAGE = YES_ERROR;
				CLANG_WARN_DOCUMENTATION_COMMENTS = YES;
				CLANG_WARN_EMPTY_BODY = YES;
				CLANG_WARN_ENUM_CONVERSION = YES;
				CLANG_WARN_INFINITE_RECURSION = YES;
				CLANG_WARN_INT_CONVERSION = YES;
				CLANG_WARN_NON_LITERAL_NULL_CONVERSION = YES;
				CLANG_WARN_OBJC_IMPLICIT_RETAIN_SELF = YES;
				CLANG_WARN_OBJC_LITERAL_CONVERSION = YES;
				CLANG_WARN_OBJC_ROOT_CLASS = YES_ERROR;
				CLANG_WARN_QUOTED_INCLUDE_IN_FRAMEWORK_HEADER = YES;
				CLANG_WARN_RANGE_LOOP_ANALYSIS = YES;
				CLANG_WARN_STRICT_PROTOTYPES = YES;
				CLANG_WARN_SUSPICIOUS_MOVE = YES;
				CLANG_WARN_UNGUARDED_AVAILABILITY = YES_AGGRESSIVE;
				CLANG_WARN_UNREACHABLE_CODE = YES;
				CLANG_WARN__DUPLICATE_METHOD_MATCH = YES;
				COPY_PHASE_STRIP = NO;
				DEBUG_INFORMATION_FORMAT = dwarf;
				ENABLE_STRICT_OBJC_MSGSEND = YES;
				ENABLE_TESTABILITY = YES;
				GCC_C_LANGUAGE_STANDARD = gnu11;
				GCC_DYNAMIC_NO_PIC = NO;
				GCC_NO_COMMON_BLOCKS = YES;
				GCC_OPTIMIZATION_LEVEL = 0;
				GCC_PREPROCESSOR_DEFINITIONS = (
					"DEBUG=1",
					"$(inherited)",
				);
				GCC_WARN_64_TO_32_BIT_CONVERSION = YES;
				GCC_WARN_ABOUT_RETURN_TYPE = YES_ERROR;
				GCC_WARN_UNDECLARED_SELECTOR = YES;
				GCC_WARN_UNINITIALIZED_AUTOS = YES_AGGRESSIVE;
				GCC_WARN_UNUSED_FUNCTION = YES;
				GCC_WARN_UNUSED_VARIABLE = YES;
				IPHONEOS_DEPLOYMENT_TARGET = 15.5;
				MTL_ENABLE_DEBUG_INFO = INCLUDE_SOURCE;
				MTL_FAST_MATH = YES;
				ONLY_ACTIVE_ARCH = YES;
				SDKROOT = iphoneos;
				SWIFT_ACTIVE_COMPILATION_CONDITIONS = DEBUG;
				SWIFT_OPTIMIZATION_LEVEL = "-Onone";
			};
			name = Debug;
		};
		9972B9B62884BA270056FB2B /* Release */ = {
			isa = XCBuildConfiguration;
			buildSettings = {
				ALWAYS_SEARCH_USER_PATHS = NO;
				CLANG_ANALYZER_NONNULL = YES;
				CLANG_ANALYZER_NUMBER_OBJECT_CONVERSION = YES_AGGRESSIVE;
				CLANG_CXX_LANGUAGE_STANDARD = "gnu++17";
				CLANG_ENABLE_MODULES = YES;
				CLANG_ENABLE_OBJC_ARC = YES;
				CLANG_ENABLE_OBJC_WEAK = YES;
				CLANG_WARN_BLOCK_CAPTURE_AUTORELEASING = YES;
				CLANG_WARN_BOOL_CONVERSION = YES;
				CLANG_WARN_COMMA = YES;
				CLANG_WARN_CONSTANT_CONVERSION = YES;
				CLANG_WARN_DEPRECATED_OBJC_IMPLEMENTATIONS = YES;
				CLANG_WARN_DIRECT_OBJC_ISA_USAGE = YES_ERROR;
				CLANG_WARN_DOCUMENTATION_COMMENTS = YES;
				CLANG_WARN_EMPTY_BODY = YES;
				CLANG_WARN_ENUM_CONVERSION = YES;
				CLANG_WARN_INFINITE_RECURSION = YES;
				CLANG_WARN_INT_CONVERSION = YES;
				CLANG_WARN_NON_LITERAL_NULL_CONVERSION = YES;
				CLANG_WARN_OBJC_IMPLICIT_RETAIN_SELF = YES;
				CLANG_WARN_OBJC_LITERAL_CONVERSION = YES;
				CLANG_WARN_OBJC_ROOT_CLASS = YES_ERROR;
				CLANG_WARN_QUOTED_INCLUDE_IN_FRAMEWORK_HEADER = YES;
				CLANG_WARN_RANGE_LOOP_ANALYSIS = YES;
				CLANG_WARN_STRICT_PROTOTYPES = YES;
				CLANG_WARN_SUSPICIOUS_MOVE = YES;
				CLANG_WARN_UNGUARDED_AVAILABILITY = YES_AGGRESSIVE;
				CLANG_WARN_UNREACHABLE_CODE = YES;
				CLANG_WARN__DUPLICATE_METHOD_MATCH = YES;
				COPY_PHASE_STRIP = NO;
				DEBUG_INFORMATION_FORMAT = "dwarf-with-dsym";
				ENABLE_NS_ASSERTIONS = NO;
				ENABLE_STRICT_OBJC_MSGSEND = YES;
				GCC_C_LANGUAGE_STANDARD = gnu11;
				GCC_NO_COMMON_BLOCKS = YES;
				GCC_WARN_64_TO_32_BIT_CONVERSION = YES;
				GCC_WARN_ABOUT_RETURN_TYPE = YES_ERROR;
				GCC_WARN_UNDECLARED_SELECTOR = YES;
				GCC_WARN_UNINITIALIZED_AUTOS = YES_AGGRESSIVE;
				GCC_WARN_UNUSED_FUNCTION = YES;
				GCC_WARN_UNUSED_VARIABLE = YES;
				IPHONEOS_DEPLOYMENT_TARGET = 15.5;
				MTL_ENABLE_DEBUG_INFO = NO;
				MTL_FAST_MATH = YES;
				SDKROOT = iphoneos;
				SWIFT_COMPILATION_MODE = wholemodule;
				SWIFT_OPTIMIZATION_LEVEL = "-O";
				VALIDATE_PRODUCT = YES;
			};
			name = Release;
		};
		9972B9B82884BA270056FB2B /* Debug */ = {
			isa = XCBuildConfiguration;
			buildSettings = {
				ASSETCATALOG_COMPILER_APPICON_NAME = AppIcon;
				ASSETCATALOG_COMPILER_GLOBAL_ACCENT_COLOR_NAME = AccentColor;
				CODE_SIGN_STYLE = Automatic;
				CURRENT_PROJECT_VERSION = 1;
				DEVELOPMENT_TEAM = Y3VBH47ZG2;
				GENERATE_INFOPLIST_FILE = YES;
				INFOPLIST_FILE = Hangman/Info.plist;
				INFOPLIST_KEY_UIApplicationSupportsIndirectInputEvents = YES;
				INFOPLIST_KEY_UILaunchStoryboardName = LaunchScreen;
				INFOPLIST_KEY_UIMainStoryboardFile = Main;
				INFOPLIST_KEY_UISupportedInterfaceOrientations = UIInterfaceOrientationPortrait;
				INFOPLIST_KEY_UISupportedInterfaceOrientations_iPad = "UIInterfaceOrientationPortrait UIInterfaceOrientationPortraitUpsideDown UIInterfaceOrientationLandscapeLeft UIInterfaceOrientationLandscapeRight";
				INFOPLIST_KEY_UISupportedInterfaceOrientations_iPhone = "UIInterfaceOrientationPortrait UIInterfaceOrientationLandscapeLeft UIInterfaceOrientationLandscapeRight";
				LD_RUNPATH_SEARCH_PATHS = (
					"$(inherited)",
					"@executable_path/Frameworks",
				);
				MARKETING_VERSION = 1.0;
				PRODUCT_BUNDLE_IDENTIFIER = MSUBASI.Hangman;
				PRODUCT_NAME = "$(TARGET_NAME)";
				SWIFT_EMIT_LOC_STRINGS = YES;
				SWIFT_VERSION = 5.0;
				TARGETED_DEVICE_FAMILY = "1,2";
			};
			name = Debug;
		};
		9972B9B92884BA270056FB2B /* Release */ = {
			isa = XCBuildConfiguration;
			buildSettings = {
				ASSETCATALOG_COMPILER_APPICON_NAME = AppIcon;
				ASSETCATALOG_COMPILER_GLOBAL_ACCENT_COLOR_NAME = AccentColor;
				CODE_SIGN_STYLE = Automatic;
				CURRENT_PROJECT_VERSION = 1;
				DEVELOPMENT_TEAM = Y3VBH47ZG2;
				GENERATE_INFOPLIST_FILE = YES;
				INFOPLIST_FILE = Hangman/Info.plist;
				INFOPLIST_KEY_UIApplicationSupportsIndirectInputEvents = YES;
				INFOPLIST_KEY_UILaunchStoryboardName = LaunchScreen;
				INFOPLIST_KEY_UIMainStoryboardFile = Main;
				INFOPLIST_KEY_UISupportedInterfaceOrientations = UIInterfaceOrientationPortrait;
				INFOPLIST_KEY_UISupportedInterfaceOrientations_iPad = "UIInterfaceOrientationPortrait UIInterfaceOrientationPortraitUpsideDown UIInterfaceOrientationLandscapeLeft UIInterfaceOrientationLandscapeRight";
				INFOPLIST_KEY_UISupportedInterfaceOrientations_iPhone = "UIInterfaceOrientationPortrait UIInterfaceOrientationLandscapeLeft UIInterfaceOrientationLandscapeRight";
				LD_RUNPATH_SEARCH_PATHS = (
					"$(inherited)",
					"@executable_path/Frameworks",
				);
				MARKETING_VERSION = 1.0;
				PRODUCT_BUNDLE_IDENTIFIER = MSUBASI.Hangman;
				PRODUCT_NAME = "$(TARGET_NAME)";
				SWIFT_EMIT_LOC_STRINGS = YES;
				SWIFT_VERSION = 5.0;
				TARGETED_DEVICE_FAMILY = "1,2";
			};
			name = Release;
		};
/* End XCBuildConfiguration section */

/* Begin XCConfigurationList section */
		9972B99E2884BA270056FB2B /* Build configuration list for PBXProject "Hangman" */ = {
			isa = XCConfigurationList;
			buildConfigurations = (
				9972B9B52884BA270056FB2B /* Debug */,
				9972B9B62884BA270056FB2B /* Release */,
			);
			defaultConfigurationIsVisible = 0;
			defaultConfigurationName = Release;
		};
		9972B9B72884BA270056FB2B /* Build configuration list for PBXNativeTarget "Hangman" */ = {
			isa = XCConfigurationList;
			buildConfigurations = (
				9972B9B82884BA270056FB2B /* Debug */,
				9972B9B92884BA270056FB2B /* Release */,
			);
			defaultConfigurationIsVisible = 0;
			defaultConfigurationName = Release;
		};
/* End XCConfigurationList section */
	};
	rootObject = 9972B99B2884BA270056FB2B /* Project object */;
}
